PODS:
  - Alamofire (4.7.0)
  - MusicMatePlayer (1.1.1):
    - Alamofire (~> 4.5)
    - RxAlamofire (~> 4.0)
    - RxCocoa (~> 4.0)
    - RxSwift (~> 4.0)
    - SwiftyJSON (~> 4.0)
  - MusicMatePlayer_Debug (1.1.1):
    - Alamofire (~> 4.5)
    - RxAlamofire (~> 4.0)
    - RxCocoa (~> 4.0)
    - RxSwift (~> 4.0)
    - SwiftyJSON (~> 4.0)
  - RxAlamofire (4.1.0):
    - RxAlamofire/Core (= 4.1.0)
  - RxAlamofire/Core (4.1.0):
    - Alamofire (~> 4.5)
    - RxSwift (~> 4.0)
  - RxCocoa (4.1.2):
    - RxSwift (~> 4.0)
  - RxSwift (4.1.2)
  - SwiftyJSON (4.0.0)

DEPENDENCIES:
  - MusicMatePlayer (~> 1.1)
  - MusicMatePlayer_Debug (~> 1.1)

SPEC CHECKSUMS:
  Alamofire: 907e0a98eb68cdb7f9d1f541a563d6ac5dc77b25
  MusicMatePlayer: bd75e4ac1397044a99c634a3ddbbafd3208730a2
  MusicMatePlayer_Debug: 5a6af8244c762b0c43e8f81b0514d617abc8df4a
  RxAlamofire: 96a2bff4694a1609bb59c57b53d99ea7a0ddc64a
  RxCocoa: d88ba0f1f6abf040011a9eb4b539324fc426843a
  RxSwift: e49536837d9901277638493ea537394d4b55f570
  SwiftyJSON: 070dabdcb1beb81b247c65ffa3a79dbbfb3b48aa

PODFILE CHECKSUM: 70d892f18444e607ae388bdd0f453ae3cee74f8c

COCOAPODS: 1.4.0
